
Microsoft Visual Studio Solution File, Format Version 12.00
# Visual Studio Version 16
VisualStudioVersion = 16.0.29009.5
MinimumVisualStudioVersion = 10.0.40219.1
Project("{FAE04EC0-301F-11D3-BF4B-00C04F79EFBC}") = "FeatureManagementRecipes", "FeatureManagementRecipes\FeatureManagementRecipes.csproj", "{C53D3064-6F61-4308-A4C8-50E3881C2C97}"
EndProject
Global
	GlobalSection(SolutionConfigurationPlatforms) = preSolution
		Debug|Any CPU = Debug|Any CPU
		Release|Any CPU = Release|Any CPU
	EndGlobalSection
	GlobalSection(ProjectConfigurationPlatforms) = postSolution
		{C53D3064-6F61-4308-A4C8-50E3881C2C97}.Debug|Any CPU.ActiveCfg = Debug|Any CPU
		{C53D3064-6F61-4308-A4C8-50E3881C2C97}.Debug|Any CPU.Build.0 = Debug|Any CPU
		{C53D3064-6F61-4308-A4C8-50E3881C2C97}.Release|Any CPU.ActiveCfg = Release|Any CPU
		{C53D3064-6F61-4308-A4C8-50E3881C2C97}.Release|Any CPU.Build.0 = Release|Any CPU
	EndGlobalSection
	GlobalSection(SolutionProperties) = preSolution
		HideSolutionNode = FALSE
	EndGlobalSection
	GlobalSection(ExtensibilityGlobals) = postSolution
		SolutionGuid = {CFB51CA7-1335-4B47-A905-0F6F6B5E87E3}
	EndGlobalSection
EndGlobal
